
Microsoft Visual Studio Solution File, Format Version 12.00
# Visual Studio Version 16
VisualStudioVersion = 16.0.32228.343
MinimumVisualStudioVersion = 10.0.40219.1
Project("{9A19103F-16F7-4668-BE54-9A1E7A4F7556}") = "Ngsa.BurstService.Test", "burst.tests\Ngsa.BurstService.Test.csproj", "{9A0A5C21-1A77-4568-AD25-F006F1CE8949}"
EndProject
Project("{9A19103F-16F7-4668-BE54-9A1E7A4F7556}") = "Ngsa.BurstService", "burst\Ngsa.BurstService.csproj", "{029E49E2-0C8C-408B-BFA7-FB63D2A728FE}"
EndProject
Global
	GlobalSection(SolutionConfigurationPlatforms) = preSolution
		Debug|Any CPU = Debug|Any CPU
		Release|Any CPU = Release|Any CPU
	EndGlobalSection
	GlobalSection(ProjectConfigurationPlatforms) = postSolution
		{9A0A5C21-1A77-4568-AD25-F006F1CE8949}.Debug|Any CPU.ActiveCfg = Debug|Any CPU
		{9A0A5C21-1A77-4568-AD25-F006F1CE8949}.Debug|Any CPU.Build.0 = Debug|Any CPU
		{9A0A5C21-1A77-4568-AD25-F006F1CE8949}.Release|Any CPU.ActiveCfg = Release|Any CPU
		{9A0A5C21-1A77-4568-AD25-F006F1CE8949}.Release|Any CPU.Build.0 = Release|Any CPU
		{029E49E2-0C8C-408B-BFA7-FB63D2A728FE}.Debug|Any CPU.ActiveCfg = Debug|Any CPU
		{029E49E2-0C8C-408B-BFA7-FB63D2A728FE}.Debug|Any CPU.Build.0 = Debug|Any CPU
		{029E49E2-0C8C-408B-BFA7-FB63D2A728FE}.Release|Any CPU.ActiveCfg = Release|Any CPU
		{029E49E2-0C8C-408B-BFA7-FB63D2A728FE}.Release|Any CPU.Build.0 = Release|Any CPU
	EndGlobalSection
	GlobalSection(SolutionProperties) = preSolution
		HideSolutionNode = FALSE
	EndGlobalSection
	GlobalSection(ExtensibilityGlobals) = postSolution
		SolutionGuid = {38B7AB37-ED63-419E-BA22-190E108F881A}
	EndGlobalSection
EndGlobal
